{
  "name": "elm-json-interop",
  "version": "3.0.0",
  "lockfileVersion": 2,
  "requires": true,
  "packages": {
    "": {
      "version": "3.0.0",
      "bin": {
        "elm-json-interop": "bin/elm-json-interop"
      },
      "devDependencies": {
        "elm-ffi": "github:pravdomil/elm-ffi"
      }
    },
    "node_modules/elm-ffi": {
      "resolved": "git+ssh://git@github.com/pravdomil/elm-ffi.git#e67af1c90969e3358488838d2ac5b5c6b54ac142",
      "dev": true,
      "bin": {
        "elm-ffi": "bin/elm-ffi"
      }
    }
  },
  "dependencies": {
    "elm-ffi": {
      "version": "git+ssh://git@github.com/pravdomil/elm-ffi.git#e67af1c90969e3358488838d2ac5b5c6b54ac142",
      "dev": true,
      "from": "elm-ffi@github:pravdomil/elm-ffi"
    }
  }
}
