{
  "name": "elm-json-interop",
  "version": "3.0.0",
  "lockfileVersion": 2,
  "requires": true,
  "packages": {
    "": {
      "version": "3.0.0",
      "dependencies": {
        "elm-ffi": "github:pravdomil/elm-ffi"
      },
      "bin": {
        "elm-json-interop": "bin/elm-json-interop"
      }
    },
    "node_modules/elm-ffi": {
      "resolved": "git+ssh://git@github.com/pravdomil/elm-ffi.git#85e221f36431c8f765a61515b61c782f276b4f67",
      "bin": {
        "elm-ffi": "bin/elm-ffi"
      }
    }
  },
  "dependencies": {
    "elm-ffi": {
      "version": "git+ssh://git@github.com/pravdomil/elm-ffi.git#85e221f36431c8f765a61515b61c782f276b4f67",
      "from": "elm-ffi@github:pravdomil/elm-ffi"
    }
  }
}
